
Microsoft Visual Studio Solution File, Format Version 12.00
# Visual Studio Version 17
VisualStudioVersion = 17.1.32328.378
MinimumVisualStudioVersion = 10.0.40219.1
Project("{FAE04EC0-301F-11D3-BF4B-00C04F79EFBC}") = "ToDoApi", "ToDoApi\ToDoApi.csproj", "{66A6F809-1DEA-47F5-ACFC-9C5AD163EAF8}"
EndProject
Global
	GlobalSection(SolutionConfigurationPlatforms) = preSolution
		Debug|Any CPU = Debug|Any CPU
		Release|Any CPU = Release|Any CPU
	EndGlobalSection
	GlobalSection(ProjectConfigurationPlatforms) = postSolution
		{66A6F809-1DEA-47F5-ACFC-9C5AD163EAF8}.Debug|Any CPU.ActiveCfg = Debug|Any CPU
		{66A6F809-1DEA-47F5-ACFC-9C5AD163EAF8}.Debug|Any CPU.Build.0 = Debug|Any CPU
		{66A6F809-1DEA-47F5-ACFC-9C5AD163EAF8}.Release|Any CPU.ActiveCfg = Release|Any CPU
		{66A6F809-1DEA-47F5-ACFC-9C5AD163EAF8}.Release|Any CPU.Build.0 = Release|Any CPU
	EndGlobalSection
	GlobalSection(SolutionProperties) = preSolution
		HideSolutionNode = FALSE
	EndGlobalSection
	GlobalSection(ExtensibilityGlobals) = postSolution
		SolutionGuid = {FCDB8DEE-6948-4BDC-88BF-BDE38F0102FF}
	EndGlobalSection
EndGlobal
